
Microsoft Visual Studio Solution File, Format Version 12.00
# Visual Studio Version 17
VisualStudioVersion = 17.4.33213.308
MinimumVisualStudioVersion = 10.0.40219.1
Project("{9A19103F-16F7-4668-BE54-9A1E7A4F7556}") = "Unidad1Actividad2Conversion", "Unidad1Actividad2Conversion\Unidad1Actividad2Conversion.csproj", "{EF44A352-1CA1-416A-9517-8BC58884669C}"
EndProject
Project("{FAE04EC0-301F-11D3-BF4B-00C04F79EFBC}") = "Unidad1Actividad1MiPerfil", "Unidad1Actividad1MiPerfil\Unidad1Actividad1MiPerfil.csproj", "{0E082593-41F1-43B0-BCEE-5FF0AD693AAD}"
EndProject
Global
	GlobalSection(SolutionConfigurationPlatforms) = preSolution
		Debug|Any CPU = Debug|Any CPU
		Release|Any CPU = Release|Any CPU
	EndGlobalSection
	GlobalSection(ProjectConfigurationPlatforms) = postSolution
		{EF44A352-1CA1-416A-9517-8BC58884669C}.Debug|Any CPU.ActiveCfg = Debug|Any CPU
		{EF44A352-1CA1-416A-9517-8BC58884669C}.Debug|Any CPU.Build.0 = Debug|Any CPU
		{EF44A352-1CA1-416A-9517-8BC58884669C}.Release|Any CPU.ActiveCfg = Release|Any CPU
		{EF44A352-1CA1-416A-9517-8BC58884669C}.Release|Any CPU.Build.0 = Release|Any CPU
		{0E082593-41F1-43B0-BCEE-5FF0AD693AAD}.Debug|Any CPU.ActiveCfg = Debug|Any CPU
		{0E082593-41F1-43B0-BCEE-5FF0AD693AAD}.Debug|Any CPU.Build.0 = Debug|Any CPU
		{0E082593-41F1-43B0-BCEE-5FF0AD693AAD}.Release|Any CPU.ActiveCfg = Release|Any CPU
		{0E082593-41F1-43B0-BCEE-5FF0AD693AAD}.Release|Any CPU.Build.0 = Release|Any CPU
	EndGlobalSection
	GlobalSection(SolutionProperties) = preSolution
		HideSolutionNode = FALSE
	EndGlobalSection
	GlobalSection(ExtensibilityGlobals) = postSolution
		SolutionGuid = {00AF3900-2CB0-4B9E-AB20-A4DE225A72C7}
	EndGlobalSection
EndGlobal
